
Microsoft Visual Studio Solution File, Format Version 12.00
# Visual Studio Version 17
VisualStudioVersion = 17.5.002.0
MinimumVisualStudioVersion = 10.0.40219.1
Project("{9A19103F-16F7-4668-BE54-9A1E7A4F7556}") = "C# PROJETO PRÁTICO 1", "C# PROJETO PRÁTICO 1.csproj", "{826C039A-30BB-4DA5-9C26-720DC427906D}"
EndProject
Global
	GlobalSection(SolutionConfigurationPlatforms) = preSolution
		Debug|Any CPU = Debug|Any CPU
		Release|Any CPU = Release|Any CPU
	EndGlobalSection
	GlobalSection(ProjectConfigurationPlatforms) = postSolution
		{826C039A-30BB-4DA5-9C26-720DC427906D}.Debug|Any CPU.ActiveCfg = Debug|Any CPU
		{826C039A-30BB-4DA5-9C26-720DC427906D}.Debug|Any CPU.Build.0 = Debug|Any CPU
		{826C039A-30BB-4DA5-9C26-720DC427906D}.Release|Any CPU.ActiveCfg = Release|Any CPU
		{826C039A-30BB-4DA5-9C26-720DC427906D}.Release|Any CPU.Build.0 = Release|Any CPU
	EndGlobalSection
	GlobalSection(SolutionProperties) = preSolution
		HideSolutionNode = FALSE
	EndGlobalSection
	GlobalSection(ExtensibilityGlobals) = postSolution
		SolutionGuid = {992B867D-9303-4FFE-9AB8-318A68BCB42F}
	EndGlobalSection
EndGlobal
